
Microsoft Visual Studio Solution File, Format Version 12.00
# Visual Studio Version 17
VisualStudioVersion = 17.3.32929.385
MinimumVisualStudioVersion = 10.0.40219.1
Project("{9A19103F-16F7-4668-BE54-9A1E7A4F7556}") = "MicroserviceLab", "MicroserviceLab.csproj", "{BA5227AC-5F6D-40A7-8295-8DD050090468}"
EndProject
Global
	GlobalSection(SolutionConfigurationPlatforms) = preSolution
		Debug|Any CPU = Debug|Any CPU
		Release|Any CPU = Release|Any CPU
	EndGlobalSection
	GlobalSection(ProjectConfigurationPlatforms) = postSolution
		{BA5227AC-5F6D-40A7-8295-8DD050090468}.Debug|Any CPU.ActiveCfg = Debug|Any CPU
		{BA5227AC-5F6D-40A7-8295-8DD050090468}.Debug|Any CPU.Build.0 = Debug|Any CPU
		{BA5227AC-5F6D-40A7-8295-8DD050090468}.Release|Any CPU.ActiveCfg = Release|Any CPU
		{BA5227AC-5F6D-40A7-8295-8DD050090468}.Release|Any CPU.Build.0 = Release|Any CPU
	EndGlobalSection
	GlobalSection(SolutionProperties) = preSolution
		HideSolutionNode = FALSE
	EndGlobalSection
	GlobalSection(ExtensibilityGlobals) = postSolution
		SolutionGuid = {28C68DD7-8BEF-4B57-AF4A-763D6FFC76C1}
	EndGlobalSection
EndGlobal
